
Microsoft Visual Studio Solution File, Format Version 12.00
# Visual Studio 14
VisualStudioVersion = 14.0.23107.0
MinimumVisualStudioVersion = 10.0.40219.1
Project("{FAE04EC0-301F-11D3-BF4B-00C04F79EFBC}") = "NitrogenManager.Data.Models", "NitrogenManager.Data.Models\NitrogenManager.Data.Models.csproj", "{04136023-D0E1-4E14-8AD0-9539903FAD6C}"
EndProject
Project("{FAE04EC0-301F-11D3-BF4B-00C04F79EFBC}") = "NitrogenManager.Data.WebService", "NitrogenManager.Data\NitrogenManager.Data.WebService.csproj", "{DF8AE182-E864-423E-9051-B7168845CC83}"
EndProject
Global
	GlobalSection(SolutionConfigurationPlatforms) = preSolution
		Debug|Any CPU = Debug|Any CPU
		Release|Any CPU = Release|Any CPU
	EndGlobalSection
	GlobalSection(ProjectConfigurationPlatforms) = postSolution
		{04136023-D0E1-4E14-8AD0-9539903FAD6C}.Debug|Any CPU.ActiveCfg = Debug|Any CPU
		{04136023-D0E1-4E14-8AD0-9539903FAD6C}.Debug|Any CPU.Build.0 = Debug|Any CPU
		{04136023-D0E1-4E14-8AD0-9539903FAD6C}.Release|Any CPU.ActiveCfg = Release|Any CPU
		{04136023-D0E1-4E14-8AD0-9539903FAD6C}.Release|Any CPU.Build.0 = Release|Any CPU
		{DF8AE182-E864-423E-9051-B7168845CC83}.Debug|Any CPU.ActiveCfg = Debug|Any CPU
		{DF8AE182-E864-423E-9051-B7168845CC83}.Debug|Any CPU.Build.0 = Debug|Any CPU
		{DF8AE182-E864-423E-9051-B7168845CC83}.Release|Any CPU.ActiveCfg = Release|Any CPU
		{DF8AE182-E864-423E-9051-B7168845CC83}.Release|Any CPU.Build.0 = Release|Any CPU
	EndGlobalSection
	GlobalSection(SolutionProperties) = preSolution
		HideSolutionNode = FALSE
	EndGlobalSection
EndGlobal
